
Microsoft Visual Studio Solution File, Format Version 12.00
# Visual Studio Version 17
VisualStudioVersion = 17.5.33627.172
MinimumVisualStudioVersion = 10.0.40219.1
Project("{2150E333-8FDC-42A3-9474-1A3956D46DE8}") = "global", "global", "{5B331FD3-D493-46A9-928B-B786FC6F3103}"
	ProjectSection(SolutionItems) = preProject
		.editorconfig = .editorconfig
		Directory.Build.props = Directory.Build.props
		global.json = global.json
		None.ruleset = None.ruleset
		Stratis.ruleset = Stratis.ruleset
		stylecop.json = stylecop.json
	EndProjectSection
EndProject
Project("{9A19103F-16F7-4668-BE54-9A1E7A4F7556}") = "MasternodeSetupTool", "MasternodeSetupTool\MasternodeSetupTool.csproj", "{09DC690D-802F-4695-9912-EDE207D541FB}"
EndProject
Project("{2150E333-8FDC-42A3-9474-1A3956D46DE8}") = "Resources", "Resources", "{CB02F774-E7E4-4794-B171-73050F3C5ECB}"
	ProjectSection(SolutionItems) = preProject
		Resources\Logo.png = Resources\Logo.png
		Resources\stratis.ico = Resources\stratis.ico
	EndProjectSection
EndProject
Project("{9A19103F-16F7-4668-BE54-9A1E7A4F7556}") = "Stratis.CirrusMinerD", "..\StratisFullNode\src\Stratis.CirrusMinerD\Stratis.CirrusMinerD.csproj", "{CEAEDDD8-675C-4683-89F6-A3500FA7CE69}"
EndProject
Project("{2150E333-8FDC-42A3-9474-1A3956D46DE8}") = "Solution Items", "Solution Items", "{94106470-C680-4192-8617-A1CAAB2A2E91}"
	ProjectSection(SolutionItems) = preProject
		..\StratisFullNode\src\Stratis.FullNode.sln = ..\StratisFullNode\src\Stratis.FullNode.sln
		..\StratisMasternodeDashboard\src\StratisMasternodeDashboard.sln = ..\StratisMasternodeDashboard\src\StratisMasternodeDashboard.sln
	EndProjectSection
EndProject
Project("{54435603-DBB4-11D2-8724-00A0C9A8B90C}") = "MasternodeSetupToolInstaller", "MasternodeSetupToolInstaller\MasternodeSetupToolInstaller.vdproj", "{F8DDE9EA-4D88-4CA6-BC73-157C8844D701}"
EndProject
Project("{9A19103F-16F7-4668-BE54-9A1E7A4F7556}") = "Stratis.FederatedSidechains.AdminDashboard", "..\StratisMasternodeDashboard\src\StratisMasternodeDashboard\Stratis.FederatedSidechains.AdminDashboard.csproj", "{31ECC5D0-F4E8-4C5B-A1C9-3A503BAAD0A8}"
EndProject
Project("{9A19103F-16F7-4668-BE54-9A1E7A4F7556}") = "MasternodeSetupTool.Tests", "MasternodeSetupTool.Tests\MasternodeSetupTool.Tests.csproj", "{9BC703A3-4C17-481A-B9E7-BF7DA0275D16}"
EndProject
Project("{FAE04EC0-301F-11D3-BF4B-00C04F79EFBC}") = "AutomatedFlowTest", "AutomatedFlowTest\AutomatedFlowTest.csproj", "{7EFD772D-AC69-477C-A731-7EABF10B8DE6}"
EndProject
Global
	GlobalSection(SolutionConfigurationPlatforms) = preSolution
		Debug|Any CPU = Debug|Any CPU
		Release|Any CPU = Release|Any CPU
	EndGlobalSection
	GlobalSection(ProjectConfigurationPlatforms) = postSolution
		{09DC690D-802F-4695-9912-EDE207D541FB}.Debug|Any CPU.ActiveCfg = Debug|Any CPU
		{09DC690D-802F-4695-9912-EDE207D541FB}.Debug|Any CPU.Build.0 = Debug|Any CPU
		{09DC690D-802F-4695-9912-EDE207D541FB}.Release|Any CPU.ActiveCfg = Release|Any CPU
		{09DC690D-802F-4695-9912-EDE207D541FB}.Release|Any CPU.Build.0 = Release|Any CPU
		{CEAEDDD8-675C-4683-89F6-A3500FA7CE69}.Debug|Any CPU.ActiveCfg = Debug|Any CPU
		{CEAEDDD8-675C-4683-89F6-A3500FA7CE69}.Debug|Any CPU.Build.0 = Debug|Any CPU
		{CEAEDDD8-675C-4683-89F6-A3500FA7CE69}.Release|Any CPU.ActiveCfg = Release|Any CPU
		{CEAEDDD8-675C-4683-89F6-A3500FA7CE69}.Release|Any CPU.Build.0 = Release|Any CPU
		{F8DDE9EA-4D88-4CA6-BC73-157C8844D701}.Debug|Any CPU.ActiveCfg = Debug
		{F8DDE9EA-4D88-4CA6-BC73-157C8844D701}.Debug|Any CPU.Build.0 = Debug
		{F8DDE9EA-4D88-4CA6-BC73-157C8844D701}.Release|Any CPU.ActiveCfg = Release
		{F8DDE9EA-4D88-4CA6-BC73-157C8844D701}.Release|Any CPU.Build.0 = Release
		{31ECC5D0-F4E8-4C5B-A1C9-3A503BAAD0A8}.Debug|Any CPU.ActiveCfg = Debug|Any CPU
		{31ECC5D0-F4E8-4C5B-A1C9-3A503BAAD0A8}.Debug|Any CPU.Build.0 = Debug|Any CPU
		{31ECC5D0-F4E8-4C5B-A1C9-3A503BAAD0A8}.Release|Any CPU.ActiveCfg = Release|Any CPU
		{31ECC5D0-F4E8-4C5B-A1C9-3A503BAAD0A8}.Release|Any CPU.Build.0 = Release|Any CPU
		{9BC703A3-4C17-481A-B9E7-BF7DA0275D16}.Debug|Any CPU.ActiveCfg = Debug|Any CPU
		{9BC703A3-4C17-481A-B9E7-BF7DA0275D16}.Debug|Any CPU.Build.0 = Debug|Any CPU
		{9BC703A3-4C17-481A-B9E7-BF7DA0275D16}.Release|Any CPU.ActiveCfg = Release|Any CPU
		{9BC703A3-4C17-481A-B9E7-BF7DA0275D16}.Release|Any CPU.Build.0 = Release|Any CPU
		{7EFD772D-AC69-477C-A731-7EABF10B8DE6}.Debug|Any CPU.ActiveCfg = Debug|Any CPU
		{7EFD772D-AC69-477C-A731-7EABF10B8DE6}.Debug|Any CPU.Build.0 = Debug|Any CPU
		{7EFD772D-AC69-477C-A731-7EABF10B8DE6}.Release|Any CPU.ActiveCfg = Release|Any CPU
		{7EFD772D-AC69-477C-A731-7EABF10B8DE6}.Release|Any CPU.Build.0 = Release|Any CPU
	EndGlobalSection
	GlobalSection(SolutionProperties) = preSolution
		HideSolutionNode = FALSE
	EndGlobalSection
	GlobalSection(ExtensibilityGlobals) = postSolution
		SolutionGuid = {6C780ABA-5872-4B83-AD3F-A5BD423AD907}
	EndGlobalSection
EndGlobal
